PODS:
  - Masonry (1.1.0)
  - MJRefresh (3.7.5)

DEPENDENCIES:
  - Masonry
  - MJRefresh

SPEC REPOS:
  trunk:
    - Masonry
    - MJRefresh

SPEC CHECKSUMS:
  Masonry: 678fab65091a9290e40e2832a55e7ab731aad201
  MJRefresh: fdf5e979eb406a0341468932d1dfc8b7f9fce961

PODFILE CHECKSUM: 20d1f0bc9aa441e127640a2e79a963bd1bfecf15

COCOAPODS: 1.10.1
